
Microsoft Visual Studio Solution File, Format Version 12.00
# Visual Studio 15
VisualStudioVersion = 15.0.27703.2035
MinimumVisualStudioVersion = 10.0.40219.1
Project("{FAE04EC0-301F-11D3-BF4B-00C04F79EFBC}") = "BudgetV2.Api", "BudgetV2.Api\BudgetV2.Api.csproj", "{80F6B393-2B13-4170-BC88-79436E884AA1}"
EndProject
Project("{9A19103F-16F7-4668-BE54-9A1E7A4F7556}") = "BudgetV2.Data", "BudgetV2.Data\BudgetV2.Data.csproj", "{D00E5590-7BDE-43EF-820C-21C765B4EBB3}"
EndProject
Project("{9A19103F-16F7-4668-BE54-9A1E7A4F7556}") = "BudgetV2.Infrastructure", "BudgetV2.Infrastructure\BudgetV2.Infrastructure.csproj", "{9EA040C5-76B6-4AD2-9DFA-90FCC29763D6}"
EndProject
Project("{9A19103F-16F7-4668-BE54-9A1E7A4F7556}") = "BudgetV2.Services", "BudgetV2.Services\BudgetV2.Services.csproj", "{3DFFB5CE-E77E-46A8-A718-F825481B6E5A}"
EndProject
Global
	GlobalSection(SolutionConfigurationPlatforms) = preSolution
		Debug|Any CPU = Debug|Any CPU
		Release|Any CPU = Release|Any CPU
	EndGlobalSection
	GlobalSection(ProjectConfigurationPlatforms) = postSolution
		{80F6B393-2B13-4170-BC88-79436E884AA1}.Debug|Any CPU.ActiveCfg = Debug|Any CPU
		{80F6B393-2B13-4170-BC88-79436E884AA1}.Debug|Any CPU.Build.0 = Debug|Any CPU
		{80F6B393-2B13-4170-BC88-79436E884AA1}.Release|Any CPU.ActiveCfg = Release|Any CPU
		{80F6B393-2B13-4170-BC88-79436E884AA1}.Release|Any CPU.Build.0 = Release|Any CPU
		{D00E5590-7BDE-43EF-820C-21C765B4EBB3}.Debug|Any CPU.ActiveCfg = Debug|Any CPU
		{D00E5590-7BDE-43EF-820C-21C765B4EBB3}.Debug|Any CPU.Build.0 = Debug|Any CPU
		{D00E5590-7BDE-43EF-820C-21C765B4EBB3}.Release|Any CPU.ActiveCfg = Release|Any CPU
		{D00E5590-7BDE-43EF-820C-21C765B4EBB3}.Release|Any CPU.Build.0 = Release|Any CPU
		{9EA040C5-76B6-4AD2-9DFA-90FCC29763D6}.Debug|Any CPU.ActiveCfg = Debug|Any CPU
		{9EA040C5-76B6-4AD2-9DFA-90FCC29763D6}.Debug|Any CPU.Build.0 = Debug|Any CPU
		{9EA040C5-76B6-4AD2-9DFA-90FCC29763D6}.Release|Any CPU.ActiveCfg = Release|Any CPU
		{9EA040C5-76B6-4AD2-9DFA-90FCC29763D6}.Release|Any CPU.Build.0 = Release|Any CPU
		{3DFFB5CE-E77E-46A8-A718-F825481B6E5A}.Debug|Any CPU.ActiveCfg = Debug|Any CPU
		{3DFFB5CE-E77E-46A8-A718-F825481B6E5A}.Debug|Any CPU.Build.0 = Debug|Any CPU
		{3DFFB5CE-E77E-46A8-A718-F825481B6E5A}.Release|Any CPU.ActiveCfg = Release|Any CPU
		{3DFFB5CE-E77E-46A8-A718-F825481B6E5A}.Release|Any CPU.Build.0 = Release|Any CPU
	EndGlobalSection
	GlobalSection(SolutionProperties) = preSolution
		HideSolutionNode = FALSE
	EndGlobalSection
	GlobalSection(ExtensibilityGlobals) = postSolution
		SolutionGuid = {B94287B1-534A-4833-A526-EB9F0C0D4D9A}
	EndGlobalSection
EndGlobal
